
Microsoft Visual Studio Solution File, Format Version 12.00
# Visual Studio Version 16
VisualStudioVersion = 16.0.31424.327
MinimumVisualStudioVersion = 10.0.40219.1
Project("{FAE04EC0-301F-11D3-BF4B-00C04F79EFBC}") = "PromedioDeNotas", "PromedioDeNotas\PromedioDeNotas.csproj", "{F60744EB-85ED-4227-B725-9C0AA9A1DC7A}"
EndProject
Project("{FAE04EC0-301F-11D3-BF4B-00C04F79EFBC}") = "ControlDeVentas", "ControlDeVentas\ControlDeVentas.csproj", "{418393CF-CA64-470C-916C-852286BE93DE}"
EndProject
Project("{FAE04EC0-301F-11D3-BF4B-00C04F79EFBC}") = "PagoEmpleado", "PagoEmpleado\PagoEmpleado.csproj", "{09707B73-1829-47C4-92F2-553CA77991EB}"
EndProject
Project("{FAE04EC0-301F-11D3-BF4B-00C04F79EFBC}") = "ControlFacturas", "ControlFacturas\ControlFacturas.csproj", "{F41D3862-C5A2-49E8-BAFC-8949B7CAF076}"
EndProject
Project("{FAE04EC0-301F-11D3-BF4B-00C04F79EFBC}") = "DescuentoSalarioRD", "DescuentoSalarioRD\DescuentoSalarioRD.csproj", "{E46AFC5E-5A85-419C-8441-3EACCBA1A94C}"
EndProject
Global
	GlobalSection(SolutionConfigurationPlatforms) = preSolution
		Debug|Any CPU = Debug|Any CPU
		Release|Any CPU = Release|Any CPU
	EndGlobalSection
	GlobalSection(ProjectConfigurationPlatforms) = postSolution
		{F60744EB-85ED-4227-B725-9C0AA9A1DC7A}.Debug|Any CPU.ActiveCfg = Debug|Any CPU
		{F60744EB-85ED-4227-B725-9C0AA9A1DC7A}.Debug|Any CPU.Build.0 = Debug|Any CPU
		{F60744EB-85ED-4227-B725-9C0AA9A1DC7A}.Release|Any CPU.ActiveCfg = Release|Any CPU
		{F60744EB-85ED-4227-B725-9C0AA9A1DC7A}.Release|Any CPU.Build.0 = Release|Any CPU
		{418393CF-CA64-470C-916C-852286BE93DE}.Debug|Any CPU.ActiveCfg = Debug|Any CPU
		{418393CF-CA64-470C-916C-852286BE93DE}.Debug|Any CPU.Build.0 = Debug|Any CPU
		{418393CF-CA64-470C-916C-852286BE93DE}.Release|Any CPU.ActiveCfg = Release|Any CPU
		{418393CF-CA64-470C-916C-852286BE93DE}.Release|Any CPU.Build.0 = Release|Any CPU
		{09707B73-1829-47C4-92F2-553CA77991EB}.Debug|Any CPU.ActiveCfg = Debug|Any CPU
		{09707B73-1829-47C4-92F2-553CA77991EB}.Debug|Any CPU.Build.0 = Debug|Any CPU
		{09707B73-1829-47C4-92F2-553CA77991EB}.Release|Any CPU.ActiveCfg = Release|Any CPU
		{09707B73-1829-47C4-92F2-553CA77991EB}.Release|Any CPU.Build.0 = Release|Any CPU
		{F41D3862-C5A2-49E8-BAFC-8949B7CAF076}.Debug|Any CPU.ActiveCfg = Debug|Any CPU
		{F41D3862-C5A2-49E8-BAFC-8949B7CAF076}.Debug|Any CPU.Build.0 = Debug|Any CPU
		{F41D3862-C5A2-49E8-BAFC-8949B7CAF076}.Release|Any CPU.ActiveCfg = Release|Any CPU
		{F41D3862-C5A2-49E8-BAFC-8949B7CAF076}.Release|Any CPU.Build.0 = Release|Any CPU
		{E46AFC5E-5A85-419C-8441-3EACCBA1A94C}.Debug|Any CPU.ActiveCfg = Debug|Any CPU
		{E46AFC5E-5A85-419C-8441-3EACCBA1A94C}.Debug|Any CPU.Build.0 = Debug|Any CPU
		{E46AFC5E-5A85-419C-8441-3EACCBA1A94C}.Release|Any CPU.ActiveCfg = Release|Any CPU
		{E46AFC5E-5A85-419C-8441-3EACCBA1A94C}.Release|Any CPU.Build.0 = Release|Any CPU
	EndGlobalSection
	GlobalSection(SolutionProperties) = preSolution
		HideSolutionNode = FALSE
	EndGlobalSection
	GlobalSection(ExtensibilityGlobals) = postSolution
		SolutionGuid = {32508C0E-1BB6-4E6B-ABA9-6C1C697BB4CA}
	EndGlobalSection
EndGlobal
