
Microsoft Visual Studio Solution File, Format Version 12.00
# Visual Studio 15
VisualStudioVersion = 15.0.28307.1525
MinimumVisualStudioVersion = 10.0.40219.1
Project("{FAE04EC0-301F-11D3-BF4B-00C04F79EFBC}") = "PromedioDeNotas", "PromedioDeNotas\PromedioDeNotas.csproj", "{F60744EB-85ED-4227-B725-9C0AA9A1DC7A}"
EndProject
Project("{FAE04EC0-301F-11D3-BF4B-00C04F79EFBC}") = "ControlDeVentas", "ControlDeVentas\ControlDeVentas.csproj", "{418393CF-CA64-470C-916C-852286BE93DE}"
EndProject
Global
	GlobalSection(SolutionConfigurationPlatforms) = preSolution
		Debug|Any CPU = Debug|Any CPU
		Release|Any CPU = Release|Any CPU
	EndGlobalSection
	GlobalSection(ProjectConfigurationPlatforms) = postSolution
		{F60744EB-85ED-4227-B725-9C0AA9A1DC7A}.Debug|Any CPU.ActiveCfg = Debug|Any CPU
		{F60744EB-85ED-4227-B725-9C0AA9A1DC7A}.Debug|Any CPU.Build.0 = Debug|Any CPU
		{F60744EB-85ED-4227-B725-9C0AA9A1DC7A}.Release|Any CPU.ActiveCfg = Release|Any CPU
		{F60744EB-85ED-4227-B725-9C0AA9A1DC7A}.Release|Any CPU.Build.0 = Release|Any CPU
		{418393CF-CA64-470C-916C-852286BE93DE}.Debug|Any CPU.ActiveCfg = Debug|Any CPU
		{418393CF-CA64-470C-916C-852286BE93DE}.Debug|Any CPU.Build.0 = Debug|Any CPU
		{418393CF-CA64-470C-916C-852286BE93DE}.Release|Any CPU.ActiveCfg = Release|Any CPU
		{418393CF-CA64-470C-916C-852286BE93DE}.Release|Any CPU.Build.0 = Release|Any CPU
	EndGlobalSection
	GlobalSection(SolutionProperties) = preSolution
		HideSolutionNode = FALSE
	EndGlobalSection
	GlobalSection(ExtensibilityGlobals) = postSolution
		SolutionGuid = {32508C0E-1BB6-4E6B-ABA9-6C1C697BB4CA}
	EndGlobalSection
EndGlobal
